
Microsoft Visual Studio Solution File, Format Version 12.00
# Visual Studio Version 16
VisualStudioVersion = 16.0.30717.126
MinimumVisualStudioVersion = 10.0.40219.1
Project("{FAE04EC0-301F-11D3-BF4B-00C04F79EFBC}") = "Ex1", "Ex1\Ex1.csproj", "{4FAEB20C-3CB2-4A84-BA38-F6D71ADC8DA8}"
EndProject
Global
	GlobalSection(SolutionConfigurationPlatforms) = preSolution
		Debug|Any CPU = Debug|Any CPU
		Release|Any CPU = Release|Any CPU
	EndGlobalSection
	GlobalSection(ProjectConfigurationPlatforms) = postSolution
		{4FAEB20C-3CB2-4A84-BA38-F6D71ADC8DA8}.Debug|Any CPU.ActiveCfg = Debug|Any CPU
		{4FAEB20C-3CB2-4A84-BA38-F6D71ADC8DA8}.Debug|Any CPU.Build.0 = Debug|Any CPU
		{4FAEB20C-3CB2-4A84-BA38-F6D71ADC8DA8}.Release|Any CPU.ActiveCfg = Release|Any CPU
		{4FAEB20C-3CB2-4A84-BA38-F6D71ADC8DA8}.Release|Any CPU.Build.0 = Release|Any CPU
	EndGlobalSection
	GlobalSection(SolutionProperties) = preSolution
		HideSolutionNode = FALSE
	EndGlobalSection
	GlobalSection(ExtensibilityGlobals) = postSolution
		SolutionGuid = {FC68C2F8-0F76-406B-AF69-796955BF1153}
	EndGlobalSection
EndGlobal
